// !$*UTF8*$!
{
	archiveVersion = 1;
	classes = {
	};
	objectVersion = 51;
	objects = {

/* Begin PBXBuildFile section */
		110A014825C517DA000C66FC /* AppDelegate.swift in Sources */ = {isa = PBXBuildFile; fileRef = 110A014725C517DA000C66FC /* AppDelegate.swift */; };
		110A014A25C517DA000C66FC /* SceneDelegate.swift in Sources */ = {isa = PBXBuildFile; fileRef = 110A014925C517DA000C66FC /* SceneDelegate.swift */; };
		110A015225C517DA000C66FC /* FindMyPlate.xcdatamodeld in Sources */ = {isa = PBXBuildFile; fileRef = 110A015025C517DA000C66FC /* FindMyPlate.xcdatamodeld */; };
		110A015425C517DC000C66FC /* Assets.xcassets in Resources */ = {isa = PBXBuildFile; fileRef = 110A015325C517DC000C66FC /* Assets.xcassets */; };
		110A015725C517DC000C66FC /* LaunchScreen.storyboard in Resources */ = {isa = PBXBuildFile; fileRef = 110A015525C517DC000C66FC /* LaunchScreen.storyboard */; };
		110A016325C52126000C66FC /* FMPHomeVC.swift in Sources */ = {isa = PBXBuildFile; fileRef = 110A016225C52126000C66FC /* FMPHomeVC.swift */; };
		110A016825C66E75000C66FC /* FMPTabBar.swift in Sources */ = {isa = PBXBuildFile; fileRef = 110A016725C66E75000C66FC /* FMPTabBar.swift */; };
		110A016D25C66ED2000C66FC /* FMPFavoritesVC.swift in Sources */ = {isa = PBXBuildFile; fileRef = 110A016C25C66ED2000C66FC /* FMPFavoritesVC.swift */; };
		110A017125C66FC9000C66FC /* Constants.swift in Sources */ = {isa = PBXBuildFile; fileRef = 110A017025C66FC9000C66FC /* Constants.swift */; };
		110A017625C689D0000C66FC /* UIView+Ext.swift in Sources */ = {isa = PBXBuildFile; fileRef = 110A017525C689D0000C66FC /* UIView+Ext.swift */; };
		110A017D25C69291000C66FC /* EnableLocationVC.swift in Sources */ = {isa = PBXBuildFile; fileRef = 110A017C25C69291000C66FC /* EnableLocationVC.swift */; };
		110A018125C694F3000C66FC /* FMPEnableLocationButton.swift in Sources */ = {isa = PBXBuildFile; fileRef = 110A018025C694F3000C66FC /* FMPEnableLocationButton.swift */; };
		110A018525C69F86000C66FC /* FYPAlertVC.swift in Sources */ = {isa = PBXBuildFile; fileRef = 110A018425C69F86000C66FC /* FYPAlertVC.swift */; };
		110A018C25C6A01D000C66FC /* FMPAlertContainerView.swift in Sources */ = {isa = PBXBuildFile; fileRef = 110A018B25C6A01D000C66FC /* FMPAlertContainerView.swift */; };
		110A018F25C6A196000C66FC /* FMPTitleLabel.swift in Sources */ = {isa = PBXBuildFile; fileRef = 110A018E25C6A196000C66FC /* FMPTitleLabel.swift */; };
		110A019225C6A333000C66FC /* FMPBodyLabel.swift in Sources */ = {isa = PBXBuildFile; fileRef = 110A019125C6A333000C66FC /* FMPBodyLabel.swift */; };
		110A019725C75467000C66FC /* UIViewController+Ext.swift in Sources */ = {isa = PBXBuildFile; fileRef = 110A019625C75467000C66FC /* UIViewController+Ext.swift */; };
		110A019A25C76569000C66FC /* LocationManager.swift in Sources */ = {isa = PBXBuildFile; fileRef = 110A019925C76569000C66FC /* LocationManager.swift */; };
		110A01A225C76D47000C66FC /* UIHelper.swift in Sources */ = {isa = PBXBuildFile; fileRef = 110A01A125C76D47000C66FC /* UIHelper.swift */; };
		110A01AB25C79599000C66FC /* FMPCuisineCell.swift in Sources */ = {isa = PBXBuildFile; fileRef = 110A01AA25C79599000C66FC /* FMPCuisineCell.swift */; };
		110A01B025C79663000C66FC /* FMPItemImageView.swift in Sources */ = {isa = PBXBuildFile; fileRef = 110A01AF25C79663000C66FC /* FMPItemImageView.swift */; };
		110A01BC25C7AD49000C66FC /* FMPCategoryVC.swift in Sources */ = {isa = PBXBuildFile; fileRef = 110A01BB25C7AD49000C66FC /* FMPCategoryVC.swift */; };
		110A01C525C7B16A000C66FC /* FMPViewController.swift in Sources */ = {isa = PBXBuildFile; fileRef = 110A01C425C7B16A000C66FC /* FMPViewController.swift */; };
		110A01C825C7BB52000C66FC /* FMPDataSource.swift in Sources */ = {isa = PBXBuildFile; fileRef = 110A01C725C7BB52000C66FC /* FMPDataSource.swift */; };
		110A01CE25C8EFBE000C66FC /* FMPMapVC.swift in Sources */ = {isa = PBXBuildFile; fileRef = 110A01CD25C8EFBE000C66FC /* FMPMapVC.swift */; };
		110A01D225C8F2BB000C66FC /* FMPCenterOnUserButton.swift in Sources */ = {isa = PBXBuildFile; fileRef = 110A01D125C8F2BB000C66FC /* FMPCenterOnUserButton.swift */; };
		110A01D525C8F572000C66FC /* FMPExitButton.swift in Sources */ = {isa = PBXBuildFile; fileRef = 110A01D425C8F572000C66FC /* FMPExitButton.swift */; };
		110A01E025C8F8AE000C66FC /* FMPIndicatorView.swift in Sources */ = {isa = PBXBuildFile; fileRef = 110A01DF25C8F8AE000C66FC /* FMPIndicatorView.swift */; };
		110A01E925C915AB000C66FC /* FMPMapResultsContainerView.swift in Sources */ = {isa = PBXBuildFile; fileRef = 110A01E825C915AB000C66FC /* FMPMapResultsContainerView.swift */; };
		110A01EC25C915C3000C66FC /* FMPMapResultsVC.swift in Sources */ = {isa = PBXBuildFile; fileRef = 110A01EB25C915C3000C66FC /* FMPMapResultsVC.swift */; };
		110A020025CA9502000C66FC /* locationIcon.json in Resources */ = {isa = PBXBuildFile; fileRef = 110A01FF25CA9502000C66FC /* locationIcon.json */; };
		110A020425CB4A0E000C66FC /* FMPMapResultCell.swift in Sources */ = {isa = PBXBuildFile; fileRef = 110A020325CB4A0E000C66FC /* FMPMapResultCell.swift */; };
		110A020D25CB6FD3000C66FC /* Restaurant.swift in Sources */ = {isa = PBXBuildFile; fileRef = 110A020C25CB6FD3000C66FC /* Restaurant.swift */; };
		110A021025CB7023000C66FC /* NetworkManager.swift in Sources */ = {isa = PBXBuildFile; fileRef = 110A020F25CB7023000C66FC /* NetworkManager.swift */; };
		110A021425CB8CA3000C66FC /* FMPError.swift in Sources */ = {isa = PBXBuildFile; fileRef = 110A021325CB8CA3000C66FC /* FMPError.swift */; };
		110A021725CCA539000C66FC /* FMPDirectionsButton.swift in Sources */ = {isa = PBXBuildFile; fileRef = 110A021625CCA539000C66FC /* FMPDirectionsButton.swift */; };
		110A021A25CCB0F7000C66FC /* FMPFavoriteButton.swift in Sources */ = {isa = PBXBuildFile; fileRef = 110A021925CCB0F7000C66FC /* FMPFavoriteButton.swift */; };
		110A021D25CCB38F000C66FC /* FMPCloseOpenLabel.swift in Sources */ = {isa = PBXBuildFile; fileRef = 110A021C25CCB38F000C66FC /* FMPCloseOpenLabel.swift */; };
		110A022825CE1532000C66FC /* FMPWebsiteButton.swift in Sources */ = {isa = PBXBuildFile; fileRef = 110A022725CE1532000C66FC /* FMPWebsiteButton.swift */; };
		110A023325CE28D2000C66FC /* FMPRestuarantImageView.swift in Sources */ = {isa = PBXBuildFile; fileRef = 110A023225CE28D2000C66FC /* FMPRestuarantImageView.swift */; };
		110A023625CE2D6B000C66FC /* FMPStarView.swift in Sources */ = {isa = PBXBuildFile; fileRef = 110A023525CE2D6B000C66FC /* FMPStarView.swift */; };
		110A023A25CE595A000C66FC /* CoreDataManager.swift in Sources */ = {isa = PBXBuildFile; fileRef = 110A023925CE595A000C66FC /* CoreDataManager.swift */; };
		FAA87FEBC08A4603E60EAD4C /* Pods_FindMyPlate.framework in Frameworks */ = {isa = PBXBuildFile; fileRef = CED94F2CE6397B1DDB442D84 /* Pods_FindMyPlate.framework */; };
/* End PBXBuildFile section */

/* Begin PBXFileReference section */
		110A014425C517DA000C66FC /* FindMyPlate.app */ = {isa = PBXFileReference; explicitFileType = wrapper.application; includeInIndex = 0; path = FindMyPlate.app; sourceTree = BUILT_PRODUCTS_DIR; };
		110A014725C517DA000C66FC /* AppDelegate.swift */ = {isa = PBXFileReference; lastKnownFileType = sourcecode.swift; path = AppDelegate.swift; sourceTree = "<group>"; };
		110A014925C517DA000C66FC /* SceneDelegate.swift */ = {isa = PBXFileReference; lastKnownFileType = sourcecode.swift; path = SceneDelegate.swift; sourceTree = "<group>"; };
		110A015125C517DA000C66FC /* FindMyPlate.xcdatamodel */ = {isa = PBXFileReference; lastKnownFileType = wrapper.xcdatamodel; path = FindMyPlate.xcdatamodel; sourceTree = "<group>"; };
		110A015325C517DC000C66FC /* Assets.xcassets */ = {isa = PBXFileReference; lastKnownFileType = folder.assetcatalog; path = Assets.xcassets; sourceTree = "<group>"; };
		110A015625C517DC000C66FC /* Base */ = {isa = PBXFileReference; lastKnownFileType = file.storyboard; name = Base; path = Base.lproj/LaunchScreen.storyboard; sourceTree = "<group>"; };
		110A015825C517DC000C66FC /* Info.plist */ = {isa = PBXFileReference; lastKnownFileType = text.plist.xml; path = Info.plist; sourceTree = "<group>"; };
		110A016225C52126000C66FC /* FMPHomeVC.swift */ = {isa = PBXFileReference; lastKnownFileType = sourcecode.swift; path = FMPHomeVC.swift; sourceTree = "<group>"; };
		110A016725C66E75000C66FC /* FMPTabBar.swift */ = {isa = PBXFileReference; lastKnownFileType = sourcecode.swift; path = FMPTabBar.swift; sourceTree = "<group>"; };
		110A016C25C66ED2000C66FC /* FMPFavoritesVC.swift */ = {isa = PBXFileReference; lastKnownFileType = sourcecode.swift; path = FMPFavoritesVC.swift; sourceTree = "<group>"; };
		110A017025C66FC9000C66FC /* Constants.swift */ = {isa = PBXFileReference; lastKnownFileType = sourcecode.swift; path = Constants.swift; sourceTree = "<group>"; };
		110A017525C689D0000C66FC /* UIView+Ext.swift */ = {isa = PBXFileReference; lastKnownFileType = sourcecode.swift; path = "UIView+Ext.swift"; sourceTree = "<group>"; };
		110A017C25C69291000C66FC /* EnableLocationVC.swift */ = {isa = PBXFileReference; lastKnownFileType = sourcecode.swift; path = EnableLocationVC.swift; sourceTree = "<group>"; };
		110A018025C694F3000C66FC /* FMPEnableLocationButton.swift */ = {isa = PBXFileReference; lastKnownFileType = sourcecode.swift; path = FMPEnableLocationButton.swift; sourceTree = "<group>"; };
		110A018425C69F86000C66FC /* FYPAlertVC.swift */ = {isa = PBXFileReference; lastKnownFileType = sourcecode.swift; path = FYPAlertVC.swift; sourceTree = "<group>"; };
		110A018B25C6A01D000C66FC /* FMPAlertContainerView.swift */ = {isa = PBXFileReference; lastKnownFileType = sourcecode.swift; path = FMPAlertContainerView.swift; sourceTree = "<group>"; };
		110A018E25C6A196000C66FC /* FMPTitleLabel.swift */ = {isa = PBXFileReference; lastKnownFileType = sourcecode.swift; path = FMPTitleLabel.swift; sourceTree = "<group>"; };
		110A019125C6A333000C66FC /* FMPBodyLabel.swift */ = {isa = PBXFileReference; lastKnownFileType = sourcecode.swift; path = FMPBodyLabel.swift; sourceTree = "<group>"; };
		110A019625C75467000C66FC /* UIViewController+Ext.swift */ = {isa = PBXFileReference; lastKnownFileType = sourcecode.swift; path = "UIViewController+Ext.swift"; sourceTree = "<group>"; };
		110A019925C76569000C66FC /* LocationManager.swift */ = {isa = PBXFileReference; lastKnownFileType = sourcecode.swift; path = LocationManager.swift; sourceTree = "<group>"; };
		110A01A125C76D47000C66FC /* UIHelper.swift */ = {isa = PBXFileReference; lastKnownFileType = sourcecode.swift; path = UIHelper.swift; sourceTree = "<group>"; };
		110A01AA25C79599000C66FC /* FMPCuisineCell.swift */ = {isa = PBXFileReference; lastKnownFileType = sourcecode.swift; path = FMPCuisineCell.swift; sourceTree = "<group>"; };
		110A01AF25C79663000C66FC /* FMPItemImageView.swift */ = {isa = PBXFileReference; lastKnownFileType = sourcecode.swift; path = FMPItemImageView.swift; sourceTree = "<group>"; };
		110A01BB25C7AD49000C66FC /* FMPCategoryVC.swift */ = {isa = PBXFileReference; lastKnownFileType = sourcecode.swift; path = FMPCategoryVC.swift; sourceTree = "<group>"; };
		110A01C425C7B16A000C66FC /* FMPViewController.swift */ = {isa = PBXFileReference; lastKnownFileType = sourcecode.swift; path = FMPViewController.swift; sourceTree = "<group>"; };
		110A01C725C7BB52000C66FC /* FMPDataSource.swift */ = {isa = PBXFileReference; lastKnownFileType = sourcecode.swift; path = FMPDataSource.swift; sourceTree = "<group>"; };
		110A01CD25C8EFBE000C66FC /* FMPMapVC.swift */ = {isa = PBXFileReference; lastKnownFileType = sourcecode.swift; path = FMPMapVC.swift; sourceTree = "<group>"; };
		110A01D125C8F2BB000C66FC /* FMPCenterOnUserButton.swift */ = {isa = PBXFileReference; lastKnownFileType = sourcecode.swift; path = FMPCenterOnUserButton.swift; sourceTree = "<group>"; };
		110A01D425C8F572000C66FC /* FMPExitButton.swift */ = {isa = PBXFileReference; lastKnownFileType = sourcecode.swift; path = FMPExitButton.swift; sourceTree = "<group>"; };
		110A01DF25C8F8AE000C66FC /* FMPIndicatorView.swift */ = {isa = PBXFileReference; lastKnownFileType = sourcecode.swift; path = FMPIndicatorView.swift; sourceTree = "<group>"; };
		110A01E825C915AB000C66FC /* FMPMapResultsContainerView.swift */ = {isa = PBXFileReference; lastKnownFileType = sourcecode.swift; path = FMPMapResultsContainerView.swift; sourceTree = "<group>"; };
		110A01EB25C915C3000C66FC /* FMPMapResultsVC.swift */ = {isa = PBXFileReference; lastKnownFileType = sourcecode.swift; path = FMPMapResultsVC.swift; sourceTree = "<group>"; };
		110A01FF25CA9502000C66FC /* locationIcon.json */ = {isa = PBXFileReference; fileEncoding = 4; lastKnownFileType = text.json; path = locationIcon.json; sourceTree = "<group>"; };
		110A020325CB4A0E000C66FC /* FMPMapResultCell.swift */ = {isa = PBXFileReference; lastKnownFileType = sourcecode.swift; path = FMPMapResultCell.swift; sourceTree = "<group>"; };
		110A020C25CB6FD3000C66FC /* Restaurant.swift */ = {isa = PBXFileReference; lastKnownFileType = sourcecode.swift; path = Restaurant.swift; sourceTree = "<group>"; };
		110A020F25CB7023000C66FC /* NetworkManager.swift */ = {isa = PBXFileReference; lastKnownFileType = sourcecode.swift; path = NetworkManager.swift; sourceTree = "<group>"; };
		110A021325CB8CA3000C66FC /* FMPError.swift */ = {isa = PBXFileReference; lastKnownFileType = sourcecode.swift; path = FMPError.swift; sourceTree = "<group>"; };
		110A021625CCA539000C66FC /* FMPDirectionsButton.swift */ = {isa = PBXFileReference; lastKnownFileType = sourcecode.swift; path = FMPDirectionsButton.swift; sourceTree = "<group>"; };
		110A021925CCB0F7000C66FC /* FMPFavoriteButton.swift */ = {isa = PBXFileReference; lastKnownFileType = sourcecode.swift; path = FMPFavoriteButton.swift; sourceTree = "<group>"; };
		110A021C25CCB38F000C66FC /* FMPCloseOpenLabel.swift */ = {isa = PBXFileReference; lastKnownFileType = sourcecode.swift; path = FMPCloseOpenLabel.swift; sourceTree = "<group>"; };
		110A022725CE1532000C66FC /* FMPWebsiteButton.swift */ = {isa = PBXFileReference; lastKnownFileType = sourcecode.swift; path = FMPWebsiteButton.swift; sourceTree = "<group>"; };
		110A023225CE28D2000C66FC /* FMPRestuarantImageView.swift */ = {isa = PBXFileReference; lastKnownFileType = sourcecode.swift; path = FMPRestuarantImageView.swift; sourceTree = "<group>"; };
		110A023525CE2D6B000C66FC /* FMPStarView.swift */ = {isa = PBXFileReference; lastKnownFileType = sourcecode.swift; path = FMPStarView.swift; sourceTree = "<group>"; };
		110A023925CE595A000C66FC /* CoreDataManager.swift */ = {isa = PBXFileReference; lastKnownFileType = sourcecode.swift; path = CoreDataManager.swift; sourceTree = "<group>"; };
		2BA3EC96104A45C6497D6704 /* Pods-FindMyPlate.debug.xcconfig */ = {isa = PBXFileReference; includeInIndex = 1; lastKnownFileType = text.xcconfig; name = "Pods-FindMyPlate.debug.xcconfig"; path = "Target Support Files/Pods-FindMyPlate/Pods-FindMyPlate.debug.xcconfig"; sourceTree = "<group>"; };
		2DE97B78B263EEDD7B7A1CC3 /* Pods-FindMyPlate.release.xcconfig */ = {isa = PBXFileReference; includeInIndex = 1; lastKnownFileType = text.xcconfig; name = "Pods-FindMyPlate.release.xcconfig"; path = "Target Support Files/Pods-FindMyPlate/Pods-FindMyPlate.release.xcconfig"; sourceTree = "<group>"; };
		CED94F2CE6397B1DDB442D84 /* Pods_FindMyPlate.framework */ = {isa = PBXFileReference; explicitFileType = wrapper.framework; includeInIndex = 0; path = Pods_FindMyPlate.framework; sourceTree = BUILT_PRODUCTS_DIR; };
/* End PBXFileReference section */

/* Begin PBXFrameworksBuildPhase section */
		110A014125C517DA000C66FC /* Frameworks */ = {
			isa = PBXFrameworksBuildPhase;
			buildActionMask = 2147483647;
			files = (
				FAA87FEBC08A4603E60EAD4C /* Pods_FindMyPlate.framework in Frameworks */,
			);
			runOnlyForDeploymentPostprocessing = 0;
		};
/* End PBXFrameworksBuildPhase section */

/* Begin PBXGroup section */
		110A013B25C517DA000C66FC = {
			isa = PBXGroup;
			children = (
				110A014625C517DA000C66FC /* FindMyPlate */,
				110A014525C517DA000C66FC /* Products */,
				D053A240EDB20AA568A1F266 /* Pods */,
				FD5ED1E83898B1F7A17D7BD8 /* Frameworks */,
			);
			sourceTree = "<group>";
		};
		110A014525C517DA000C66FC /* Products */ = {
			isa = PBXGroup;
			children = (
				110A014425C517DA000C66FC /* FindMyPlate.app */,
			);
			name = Products;
			sourceTree = "<group>";
		};
		110A014625C517DA000C66FC /* FindMyPlate */ = {
			isa = PBXGroup;
			children = (
				110A014725C517DA000C66FC /* AppDelegate.swift */,
				110A014925C517DA000C66FC /* SceneDelegate.swift */,
				110A019D25C7656F000C66FC /* Managers */,
				110A01CA25C7BB5B000C66FC /* Model */,
				110A016A25C66E7A000C66FC /* View */,
				110A016525C66D72000C66FC /* Controllers */,
				110A016F25C66FAD000C66FC /* Utilities */,
				110A01FD25CA94CB000C66FC /* Assets */,
				110A015525C517DC000C66FC /* LaunchScreen.storyboard */,
				110A015825C517DC000C66FC /* Info.plist */,
				110A015025C517DA000C66FC /* FindMyPlate.xcdatamodeld */,
			);
			path = FindMyPlate;
			sourceTree = "<group>";
		};
		110A016525C66D72000C66FC /* Controllers */ = {
			isa = PBXGroup;
			children = (
				110A018925C69FA3000C66FC /* LocationAuth */,
				110A018725C69F93000C66FC /* Screens */,
				110A019F25C76759000C66FC /* AlertVC */,
				110A01C125C7AD9E000C66FC /* ParentVC */,
				110A01E525C8FAF7000C66FC /* ChildVC */,
			);
			path = Controllers;
			sourceTree = "<group>";
		};
		110A016A25C66E7A000C66FC /* View */ = {
			isa = PBXGroup;
			children = (
				110A01AD25C7963E000C66FC /* Custom Cells */,
				110A01A625C79570000C66FC /* Custom TabBar */,
				110A01A425C7956A000C66FC /* Custom Buttons */,
				110A01A825C7957C000C66FC /* Custom Views */,
				110A019425C6A3DF000C66FC /* Custom Labels */,
			);
			path = View;
			sourceTree = "<group>";
		};
		110A016F25C66FAD000C66FC /* Utilities */ = {
			isa = PBXGroup;
			children = (
				110A017025C66FC9000C66FC /* Constants.swift */,
				110A017525C689D0000C66FC /* UIView+Ext.swift */,
				110A019625C75467000C66FC /* UIViewController+Ext.swift */,
				110A01A125C76D47000C66FC /* UIHelper.swift */,
				110A021325CB8CA3000C66FC /* FMPError.swift */,
			);
			path = Utilities;
			sourceTree = "<group>";
		};
		110A018725C69F93000C66FC /* Screens */ = {
			isa = PBXGroup;
			children = (
				110A016225C52126000C66FC /* FMPHomeVC.swift */,
				110A01BB25C7AD49000C66FC /* FMPCategoryVC.swift */,
				110A01CD25C8EFBE000C66FC /* FMPMapVC.swift */,
				110A016C25C66ED2000C66FC /* FMPFavoritesVC.swift */,
			);
			path = Screens;
			sourceTree = "<group>";
		};
		110A018925C69FA3000C66FC /* LocationAuth */ = {
			isa = PBXGroup;
			children = (
				110A017C25C69291000C66FC /* EnableLocationVC.swift */,
			);
			path = LocationAuth;
			sourceTree = "<group>";
		};
		110A019425C6A3DF000C66FC /* Custom Labels */ = {
			isa = PBXGroup;
			children = (
				110A018E25C6A196000C66FC /* FMPTitleLabel.swift */,
				110A019125C6A333000C66FC /* FMPBodyLabel.swift */,
				110A021C25CCB38F000C66FC /* FMPCloseOpenLabel.swift */,
			);
			path = "Custom Labels";
			sourceTree = "<group>";
		};
		110A019D25C7656F000C66FC /* Managers */ = {
			isa = PBXGroup;
			children = (
				110A019925C76569000C66FC /* LocationManager.swift */,
				110A020F25CB7023000C66FC /* NetworkManager.swift */,
				110A023925CE595A000C66FC /* CoreDataManager.swift */,
			);
			path = Managers;
			sourceTree = "<group>";
		};
		110A019F25C76759000C66FC /* AlertVC */ = {
			isa = PBXGroup;
			children = (
				110A018425C69F86000C66FC /* FYPAlertVC.swift */,
			);
			path = AlertVC;
			sourceTree = "<group>";
		};
		110A01A425C7956A000C66FC /* Custom Buttons */ = {
			isa = PBXGroup;
			children = (
				110A018025C694F3000C66FC /* FMPEnableLocationButton.swift */,
				110A01D125C8F2BB000C66FC /* FMPCenterOnUserButton.swift */,
				110A01D425C8F572000C66FC /* FMPExitButton.swift */,
				110A021625CCA539000C66FC /* FMPDirectionsButton.swift */,
				110A021925CCB0F7000C66FC /* FMPFavoriteButton.swift */,
				110A022725CE1532000C66FC /* FMPWebsiteButton.swift */,
			);
			path = "Custom Buttons";
			sourceTree = "<group>";
		};
		110A01A625C79570000C66FC /* Custom TabBar */ = {
			isa = PBXGroup;
			children = (
				110A016725C66E75000C66FC /* FMPTabBar.swift */,
			);
			path = "Custom TabBar";
			sourceTree = "<group>";
		};
		110A01A825C7957C000C66FC /* Custom Views */ = {
			isa = PBXGroup;
			children = (
				110A018B25C6A01D000C66FC /* FMPAlertContainerView.swift */,
				110A01AF25C79663000C66FC /* FMPItemImageView.swift */,
				110A01DF25C8F8AE000C66FC /* FMPIndicatorView.swift */,
				110A01E825C915AB000C66FC /* FMPMapResultsContainerView.swift */,
				110A023225CE28D2000C66FC /* FMPRestuarantImageView.swift */,
				110A023525CE2D6B000C66FC /* FMPStarView.swift */,
			);
			path = "Custom Views";
			sourceTree = "<group>";
		};
		110A01AD25C7963E000C66FC /* Custom Cells */ = {
			isa = PBXGroup;
			children = (
				110A01AA25C79599000C66FC /* FMPCuisineCell.swift */,
				110A020325CB4A0E000C66FC /* FMPMapResultCell.swift */,
			);
			path = "Custom Cells";
			sourceTree = "<group>";
		};
		110A01C125C7AD9E000C66FC /* ParentVC */ = {
			isa = PBXGroup;
			children = (
				110A01C425C7B16A000C66FC /* FMPViewController.swift */,
			);
			path = ParentVC;
			sourceTree = "<group>";
		};
		110A01CA25C7BB5B000C66FC /* Model */ = {
			isa = PBXGroup;
			children = (
				110A01C725C7BB52000C66FC /* FMPDataSource.swift */,
				110A020C25CB6FD3000C66FC /* Restaurant.swift */,
			);
			path = Model;
			sourceTree = "<group>";
		};
		110A01E525C8FAF7000C66FC /* ChildVC */ = {
			isa = PBXGroup;
			children = (
				110A01EB25C915C3000C66FC /* FMPMapResultsVC.swift */,
			);
			path = ChildVC;
			sourceTree = "<group>";
		};
		110A01FD25CA94CB000C66FC /* Assets */ = {
			isa = PBXGroup;
			children = (
				110A015325C517DC000C66FC /* Assets.xcassets */,
				110A01FF25CA9502000C66FC /* locationIcon.json */,
			);
			path = Assets;
			sourceTree = "<group>";
		};
		D053A240EDB20AA568A1F266 /* Pods */ = {
			isa = PBXGroup;
			children = (
				2BA3EC96104A45C6497D6704 /* Pods-FindMyPlate.debug.xcconfig */,
				2DE97B78B263EEDD7B7A1CC3 /* Pods-FindMyPlate.release.xcconfig */,
			);
			path = Pods;
			sourceTree = "<group>";
		};
		FD5ED1E83898B1F7A17D7BD8 /* Frameworks */ = {
			isa = PBXGroup;
			children = (
				CED94F2CE6397B1DDB442D84 /* Pods_FindMyPlate.framework */,
			);
			name = Frameworks;
			sourceTree = "<group>";
		};
/* End PBXGroup section */

/* Begin PBXNativeTarget section */
		110A014325C517DA000C66FC /* FindMyPlate */ = {
			isa = PBXNativeTarget;
			buildConfigurationList = 110A015B25C517DC000C66FC /* Build configuration list for PBXNativeTarget "FindMyPlate" */;
			buildPhases = (
				4F87169250AE2DBBA61FC3A9 /* [CP] Check Pods Manifest.lock */,
				110A014025C517DA000C66FC /* Sources */,
				110A014125C517DA000C66FC /* Frameworks */,
				110A014225C517DA000C66FC /* Resources */,
				A31B1295C516EE866496011A /* [CP] Embed Pods Frameworks */,
			);
			buildRules = (
			);
			dependencies = (
			);
			name = FindMyPlate;
			productName = FindMyPlate;
			productReference = 110A014425C517DA000C66FC /* FindMyPlate.app */;
			productType = "com.apple.product-type.application";
		};
/* End PBXNativeTarget section */

/* Begin PBXProject section */
		110A013C25C517DA000C66FC /* Project object */ = {
			isa = PBXProject;
			attributes = {
				LastSwiftUpdateCheck = 1230;
				LastUpgradeCheck = 1230;
				TargetAttributes = {
					110A014325C517DA000C66FC = {
						CreatedOnToolsVersion = 12.3;
					};
				};
			};
			buildConfigurationList = 110A013F25C517DA000C66FC /* Build configuration list for PBXProject "FindMyPlate" */;
			compatibilityVersion = "Xcode 9.3";
			developmentRegion = en;
			hasScannedForEncodings = 0;
			knownRegions = (
				en,
				Base,
			);
			mainGroup = 110A013B25C517DA000C66FC;
			productRefGroup = 110A014525C517DA000C66FC /* Products */;
			projectDirPath = "";
			projectRoot = "";
			targets = (
				110A014325C517DA000C66FC /* FindMyPlate */,
			);
		};
/* End PBXProject section */

/* Begin PBXResourcesBuildPhase section */
		110A014225C517DA000C66FC /* Resources */ = {
			isa = PBXResourcesBuildPhase;
			buildActionMask = 2147483647;
			files = (
				110A020025CA9502000C66FC /* locationIcon.json in Resources */,
				110A015725C517DC000C66FC /* LaunchScreen.storyboard in Resources */,
				110A015425C517DC000C66FC /* Assets.xcassets in Resources */,
			);
			runOnlyForDeploymentPostprocessing = 0;
		};
/* End PBXResourcesBuildPhase section */

/* Begin PBXShellScriptBuildPhase section */
		4F87169250AE2DBBA61FC3A9 /* [CP] Check Pods Manifest.lock */ = {
			isa = PBXShellScriptBuildPhase;
			buildActionMask = 2147483647;
			files = (
			);
			inputFileListPaths = (
			);
			inputPaths = (
				"${PODS_PODFILE_DIR_PATH}/Podfile.lock",
				"${PODS_ROOT}/Manifest.lock",
			);
			name = "[CP] Check Pods Manifest.lock";
			outputFileListPaths = (
			);
			outputPaths = (
				"$(DERIVED_FILE_DIR)/Pods-FindMyPlate-checkManifestLockResult.txt",
			);
			runOnlyForDeploymentPostprocessing = 0;
			shellPath = /bin/sh;
			shellScript = "diff \"${PODS_PODFILE_DIR_PATH}/Podfile.lock\" \"${PODS_ROOT}/Manifest.lock\" > /dev/null\nif [ $? != 0 ] ; then\n    # print error to STDERR\n    echo \"error: The sandbox is not in sync with the Podfile.lock. Run 'pod install' or update your CocoaPods installation.\" >&2\n    exit 1\nfi\n# This output is used by Xcode 'outputs' to avoid re-running this script phase.\necho \"SUCCESS\" > \"${SCRIPT_OUTPUT_FILE_0}\"\n";
			showEnvVarsInLog = 0;
		};
		A31B1295C516EE866496011A /* [CP] Embed Pods Frameworks */ = {
			isa = PBXShellScriptBuildPhase;
			buildActionMask = 2147483647;
			files = (
			);
			inputFileListPaths = (
				"${PODS_ROOT}/Target Support Files/Pods-FindMyPlate/Pods-FindMyPlate-frameworks-${CONFIGURATION}-input-files.xcfilelist",
			);
			name = "[CP] Embed Pods Frameworks";
			outputFileListPaths = (
				"${PODS_ROOT}/Target Support Files/Pods-FindMyPlate/Pods-FindMyPlate-frameworks-${CONFIGURATION}-output-files.xcfilelist",
			);
			runOnlyForDeploymentPostprocessing = 0;
			shellPath = /bin/sh;
			shellScript = "\"${PODS_ROOT}/Target Support Files/Pods-FindMyPlate/Pods-FindMyPlate-frameworks.sh\"\n";
			showEnvVarsInLog = 0;
		};
/* End PBXShellScriptBuildPhase section */

/* Begin PBXSourcesBuildPhase section */
		110A014025C517DA000C66FC /* Sources */ = {
			isa = PBXSourcesBuildPhase;
			buildActionMask = 2147483647;
			files = (
				110A01AB25C79599000C66FC /* FMPCuisineCell.swift in Sources */,
				110A017625C689D0000C66FC /* UIView+Ext.swift in Sources */,
				110A015225C517DA000C66FC /* FindMyPlate.xcdatamodeld in Sources */,
				110A01C525C7B16A000C66FC /* FMPViewController.swift in Sources */,
				110A01E925C915AB000C66FC /* FMPMapResultsContainerView.swift in Sources */,
				110A019725C75467000C66FC /* UIViewController+Ext.swift in Sources */,
				110A014825C517DA000C66FC /* AppDelegate.swift in Sources */,
				110A019A25C76569000C66FC /* LocationManager.swift in Sources */,
				110A018F25C6A196000C66FC /* FMPTitleLabel.swift in Sources */,
				110A018125C694F3000C66FC /* FMPEnableLocationButton.swift in Sources */,
				110A016D25C66ED2000C66FC /* FMPFavoritesVC.swift in Sources */,
				110A01E025C8F8AE000C66FC /* FMPIndicatorView.swift in Sources */,
				110A01D225C8F2BB000C66FC /* FMPCenterOnUserButton.swift in Sources */,
				110A021725CCA539000C66FC /* FMPDirectionsButton.swift in Sources */,
				110A019225C6A333000C66FC /* FMPBodyLabel.swift in Sources */,
				110A01CE25C8EFBE000C66FC /* FMPMapVC.swift in Sources */,
				110A014A25C517DA000C66FC /* SceneDelegate.swift in Sources */,
				110A023625CE2D6B000C66FC /* FMPStarView.swift in Sources */,
				110A020425CB4A0E000C66FC /* FMPMapResultCell.swift in Sources */,
				110A017125C66FC9000C66FC /* Constants.swift in Sources */,
				110A018C25C6A01D000C66FC /* FMPAlertContainerView.swift in Sources */,
				110A021025CB7023000C66FC /* NetworkManager.swift in Sources */,
				110A021D25CCB38F000C66FC /* FMPCloseOpenLabel.swift in Sources */,
				110A01A225C76D47000C66FC /* UIHelper.swift in Sources */,
				110A018525C69F86000C66FC /* FYPAlertVC.swift in Sources */,
				110A021425CB8CA3000C66FC /* FMPError.swift in Sources */,
				110A016325C52126000C66FC /* FMPHomeVC.swift in Sources */,
				110A01BC25C7AD49000C66FC /* FMPCategoryVC.swift in Sources */,
				110A022825CE1532000C66FC /* FMPWebsiteButton.swift in Sources */,
				110A023325CE28D2000C66FC /* FMPRestuarantImageView.swift in Sources */,
				110A01C825C7BB52000C66FC /* FMPDataSource.swift in Sources */,
				110A021A25CCB0F7000C66FC /* FMPFavoriteButton.swift in Sources */,
				110A01D525C8F572000C66FC /* FMPExitButton.swift in Sources */,
				110A023A25CE595A000C66FC /* CoreDataManager.swift in Sources */,
				110A01EC25C915C3000C66FC /* FMPMapResultsVC.swift in Sources */,
				110A017D25C69291000C66FC /* EnableLocationVC.swift in Sources */,
				110A01B025C79663000C66FC /* FMPItemImageView.swift in Sources */,
				110A016825C66E75000C66FC /* FMPTabBar.swift in Sources */,
				110A020D25CB6FD3000C66FC /* Restaurant.swift in Sources */,
			);
			runOnlyForDeploymentPostprocessing = 0;
		};
/* End PBXSourcesBuildPhase section */

/* Begin PBXVariantGroup section */
		110A015525C517DC000C66FC /* LaunchScreen.storyboard */ = {
			isa = PBXVariantGroup;
			children = (
				110A015625C517DC000C66FC /* Base */,
			);
			name = LaunchScreen.storyboard;
			sourceTree = "<group>";
		};
/* End PBXVariantGroup section */

/* Begin XCBuildConfiguration section */
		110A015925C517DC000C66FC /* Debug */ = {
			isa = XCBuildConfiguration;
			buildSettings = {
				ALWAYS_SEARCH_USER_PATHS = NO;
				CLANG_ANALYZER_NONNULL = YES;
				CLANG_ANALYZER_NUMBER_OBJECT_CONVERSION = YES_AGGRESSIVE;
				CLANG_CXX_LANGUAGE_STANDARD = "gnu++14";
				CLANG_CXX_LIBRARY = "libc++";
				CLANG_ENABLE_MODULES = YES;
				CLANG_ENABLE_OBJC_ARC = YES;
				CLANG_ENABLE_OBJC_WEAK = YES;
				CLANG_WARN_BLOCK_CAPTURE_AUTORELEASING = YES;
				CLANG_WARN_BOOL_CONVERSION = YES;
				CLANG_WARN_COMMA = YES;
				CLANG_WARN_CONSTANT_CONVERSION = YES;
				CLANG_WARN_DEPRECATED_OBJC_IMPLEMENTATIONS = YES;
				CLANG_WARN_DIRECT_OBJC_ISA_USAGE = YES_ERROR;
				CLANG_WARN_DOCUMENTATION_COMMENTS = YES;
				CLANG_WARN_EMPTY_BODY = YES;
				CLANG_WARN_ENUM_CONVERSION = YES;
				CLANG_WARN_INFINITE_RECURSION = YES;
				CLANG_WARN_INT_CONVERSION = YES;
				CLANG_WARN_NON_LITERAL_NULL_CONVERSION = YES;
				CLANG_WARN_OBJC_IMPLICIT_RETAIN_SELF = YES;
				CLANG_WARN_OBJC_LITERAL_CONVERSION = YES;
				CLANG_WARN_OBJC_ROOT_CLASS = YES_ERROR;
				CLANG_WARN_QUOTED_INCLUDE_IN_FRAMEWORK_HEADER = YES;
				CLANG_WARN_RANGE_LOOP_ANALYSIS = YES;
				CLANG_WARN_STRICT_PROTOTYPES = YES;
				CLANG_WARN_SUSPICIOUS_MOVE = YES;
				CLANG_WARN_UNGUARDED_AVAILABILITY = YES_AGGRESSIVE;
				CLANG_WARN_UNREACHABLE_CODE = YES;
				CLANG_WARN__DUPLICATE_METHOD_MATCH = YES;
				COPY_PHASE_STRIP = NO;
				DEBUG_INFORMATION_FORMAT = dwarf;
				ENABLE_STRICT_OBJC_MSGSEND = YES;
				ENABLE_TESTABILITY = YES;
				GCC_C_LANGUAGE_STANDARD = gnu11;
				GCC_DYNAMIC_NO_PIC = NO;
				GCC_NO_COMMON_BLOCKS = YES;
				GCC_OPTIMIZATION_LEVEL = 0;
				GCC_PREPROCESSOR_DEFINITIONS = (
					"DEBUG=1",
					"$(inherited)",
				);
				GCC_WARN_64_TO_32_BIT_CONVERSION = YES;
				GCC_WARN_ABOUT_RETURN_TYPE = YES_ERROR;
				GCC_WARN_UNDECLARED_SELECTOR = YES;
				GCC_WARN_UNINITIALIZED_AUTOS = YES_AGGRESSIVE;
				GCC_WARN_UNUSED_FUNCTION = YES;
				GCC_WARN_UNUSED_VARIABLE = YES;
				IPHONEOS_DEPLOYMENT_TARGET = 14.3;
				MTL_ENABLE_DEBUG_INFO = INCLUDE_SOURCE;
				MTL_FAST_MATH = YES;
				ONLY_ACTIVE_ARCH = YES;
				SDKROOT = iphoneos;
				SWIFT_ACTIVE_COMPILATION_CONDITIONS = DEBUG;
				SWIFT_OPTIMIZATION_LEVEL = "-Onone";
			};
			name = Debug;
		};
		110A015A25C517DC000C66FC /* Release */ = {
			isa = XCBuildConfiguration;
			buildSettings = {
				ALWAYS_SEARCH_USER_PATHS = NO;
				CLANG_ANALYZER_NONNULL = YES;
				CLANG_ANALYZER_NUMBER_OBJECT_CONVERSION = YES_AGGRESSIVE;
				CLANG_CXX_LANGUAGE_STANDARD = "gnu++14";
				CLANG_CXX_LIBRARY = "libc++";
				CLANG_ENABLE_MODULES = YES;
				CLANG_ENABLE_OBJC_ARC = YES;
				CLANG_ENABLE_OBJC_WEAK = YES;
				CLANG_WARN_BLOCK_CAPTURE_AUTORELEASING = YES;
				CLANG_WARN_BOOL_CONVERSION = YES;
				CLANG_WARN_COMMA = YES;
				CLANG_WARN_CONSTANT_CONVERSION = YES;
				CLANG_WARN_DEPRECATED_OBJC_IMPLEMENTATIONS = YES;
				CLANG_WARN_DIRECT_OBJC_ISA_USAGE = YES_ERROR;
				CLANG_WARN_DOCUMENTATION_COMMENTS = YES;
				CLANG_WARN_EMPTY_BODY = YES;
				CLANG_WARN_ENUM_CONVERSION = YES;
				CLANG_WARN_INFINITE_RECURSION = YES;
				CLANG_WARN_INT_CONVERSION = YES;
				CLANG_WARN_NON_LITERAL_NULL_CONVERSION = YES;
				CLANG_WARN_OBJC_IMPLICIT_RETAIN_SELF = YES;
				CLANG_WARN_OBJC_LITERAL_CONVERSION = YES;
				CLANG_WARN_OBJC_ROOT_CLASS = YES_ERROR;
				CLANG_WARN_QUOTED_INCLUDE_IN_FRAMEWORK_HEADER = YES;
				CLANG_WARN_RANGE_LOOP_ANALYSIS = YES;
				CLANG_WARN_STRICT_PROTOTYPES = YES;
				CLANG_WARN_SUSPICIOUS_MOVE = YES;
				CLANG_WARN_UNGUARDED_AVAILABILITY = YES_AGGRESSIVE;
				CLANG_WARN_UNREACHABLE_CODE = YES;
				CLANG_WARN__DUPLICATE_METHOD_MATCH = YES;
				COPY_PHASE_STRIP = NO;
				DEBUG_INFORMATION_FORMAT = "dwarf-with-dsym";
				ENABLE_NS_ASSERTIONS = NO;
				ENABLE_STRICT_OBJC_MSGSEND = YES;
				GCC_C_LANGUAGE_STANDARD = gnu11;
				GCC_NO_COMMON_BLOCKS = YES;
				GCC_WARN_64_TO_32_BIT_CONVERSION = YES;
				GCC_WARN_ABOUT_RETURN_TYPE = YES_ERROR;
				GCC_WARN_UNDECLARED_SELECTOR = YES;
				GCC_WARN_UNINITIALIZED_AUTOS = YES_AGGRESSIVE;
				GCC_WARN_UNUSED_FUNCTION = YES;
				GCC_WARN_UNUSED_VARIABLE = YES;
				IPHONEOS_DEPLOYMENT_TARGET = 14.3;
				MTL_ENABLE_DEBUG_INFO = NO;
				MTL_FAST_MATH = YES;
				SDKROOT = iphoneos;
				SWIFT_COMPILATION_MODE = wholemodule;
				SWIFT_OPTIMIZATION_LEVEL = "-O";
				VALIDATE_PRODUCT = YES;
			};
			name = Release;
		};
		110A015C25C517DC000C66FC /* Debug */ = {
			isa = XCBuildConfiguration;
			baseConfigurationReference = 2BA3EC96104A45C6497D6704 /* Pods-FindMyPlate.debug.xcconfig */;
			buildSettings = {
				ASSETCATALOG_COMPILER_APPICON_NAME = AppIcon;
				ASSETCATALOG_COMPILER_GLOBAL_ACCENT_COLOR_NAME = AccentColor;
				CODE_SIGN_STYLE = Automatic;
				DEVELOPMENT_TEAM = 584W76NDBF;
				INFOPLIST_FILE = FindMyPlate/Info.plist;
				IPHONEOS_DEPLOYMENT_TARGET = 14.0;
				LD_RUNPATH_SEARCH_PATHS = (
					"$(inherited)",
					"@executable_path/Frameworks",
				);
				PRODUCT_BUNDLE_IDENTIFIER = co.AlexanderHa.FindMyPlate;
				PRODUCT_NAME = "$(TARGET_NAME)";
				SWIFT_VERSION = 5.0;
				TARGETED_DEVICE_FAMILY = 1;
			};
			name = Debug;
		};
		110A015D25C517DC000C66FC /* Release */ = {
			isa = XCBuildConfiguration;
			baseConfigurationReference = 2DE97B78B263EEDD7B7A1CC3 /* Pods-FindMyPlate.release.xcconfig */;
			buildSettings = {
				ASSETCATALOG_COMPILER_APPICON_NAME = AppIcon;
				ASSETCATALOG_COMPILER_GLOBAL_ACCENT_COLOR_NAME = AccentColor;
				CODE_SIGN_STYLE = Automatic;
				DEVELOPMENT_TEAM = 584W76NDBF;
				INFOPLIST_FILE = FindMyPlate/Info.plist;
				IPHONEOS_DEPLOYMENT_TARGET = 14.0;
				LD_RUNPATH_SEARCH_PATHS = (
					"$(inherited)",
					"@executable_path/Frameworks",
				);
				PRODUCT_BUNDLE_IDENTIFIER = co.AlexanderHa.FindMyPlate;
				PRODUCT_NAME = "$(TARGET_NAME)";
				SWIFT_VERSION = 5.0;
				TARGETED_DEVICE_FAMILY = 1;
			};
			name = Release;
		};
/* End XCBuildConfiguration section */

/* Begin XCConfigurationList section */
		110A013F25C517DA000C66FC /* Build configuration list for PBXProject "FindMyPlate" */ = {
			isa = XCConfigurationList;
			buildConfigurations = (
				110A015925C517DC000C66FC /* Debug */,
				110A015A25C517DC000C66FC /* Release */,
			);
			defaultConfigurationIsVisible = 0;
			defaultConfigurationName = Release;
		};
		110A015B25C517DC000C66FC /* Build configuration list for PBXNativeTarget "FindMyPlate" */ = {
			isa = XCConfigurationList;
			buildConfigurations = (
				110A015C25C517DC000C66FC /* Debug */,
				110A015D25C517DC000C66FC /* Release */,
			);
			defaultConfigurationIsVisible = 0;
			defaultConfigurationName = Release;
		};
/* End XCConfigurationList section */

/* Begin XCVersionGroup section */
		110A015025C517DA000C66FC /* FindMyPlate.xcdatamodeld */ = {
			isa = XCVersionGroup;
			children = (
				110A015125C517DA000C66FC /* FindMyPlate.xcdatamodel */,
			);
			currentVersion = 110A015125C517DA000C66FC /* FindMyPlate.xcdatamodel */;
			path = FindMyPlate.xcdatamodeld;
			sourceTree = "<group>";
			versionGroupType = wrapper.xcdatamodel;
		};
/* End XCVersionGroup section */
	};
	rootObject = 110A013C25C517DA000C66FC /* Project object */;
}
